# THIS IS AN AUTOGENERATED FILE. DO NOT EDIT THIS FILE DIRECTLY.
# yarn lockfile v1


"@canner/slate-helper-inline-adddata@^1.5.0":
  version "1.5.0"
  resolved "https://registry.yarnpkg.com/@canner/slate-helper-inline-adddata/-/slate-helper-inline-adddata-1.5.0.tgz#75b0dc3e7022065558f81386cd877a867270819e"
  integrity sha512-/uDkMggEf/9apli4Y4a3ZmCbVwICElrdQ24e3P2248zyrOYN4B1MNE6/q/f4idJSz9vrq+UzBBhR+rwALSv+jw==

classnames@^2.2.5:
  version "2.2.6"
  resolved "https://registry.yarnpkg.com/classnames/-/classnames-2.2.6.tgz#43935bffdd291f326dad0a205309b38d00f650ce"

emoji-mart@^2.5.0:
  version "2.8.1"
  resolved "https://registry.yarnpkg.com/emoji-mart/-/emoji-mart-2.8.1.tgz#4ffcb807237989a953085c80a6553d21f1effc62"

"js-tokens@^3.0.0 || ^4.0.0":
  version "4.0.0"
  resolved "https://registry.yarnpkg.com/js-tokens/-/js-tokens-4.0.0.tgz#19203fb59991df98e3a287050d4647cdeaf32499"

js-video-url-parser@^0.2.7:
  version "0.2.7"
  resolved "https://registry.yarnpkg.com/js-video-url-parser/-/js-video-url-parser-0.2.7.tgz#179de801d9363bfd44437b2b93f7e4fe59980e4d"

lodash.mapvalues@^4.6.0:
  version "4.6.0"
  resolved "https://registry.yarnpkg.com/lodash.mapvalues/-/lodash.mapvalues-4.6.0.tgz#1bafa5005de9dd6f4f26668c30ca37230cc9689c"

lodash.omit@^4.5.0:
  version "4.5.0"
  resolved "https://registry.yarnpkg.com/lodash.omit/-/lodash.omit-4.5.0.tgz#6eb19ae5a1ee1dd9df0b969e66ce0b7fa30b5e60"
  integrity sha1-brGa5aHuHdnfC5aeZs4Lf6MLXmA=

lodash.pick@^4.4.0:
  version "4.4.0"
  resolved "https://registry.yarnpkg.com/lodash.pick/-/lodash.pick-4.4.0.tgz#52f05610fff9ded422611441ed1fc123a03001b3"
  integrity sha1-UvBWEP/53tQiYRRB7R/BI6AwAbM=

lodash.xor@^4.5.0:
  version "4.5.0"
  resolved "https://registry.yarnpkg.com/lodash.xor/-/lodash.xor-4.5.0.tgz#4d48ed7e98095b0632582ba714d3ff8ae8fb1db6"
  integrity sha1-TUjtfpgJWwYyWCunFNP/iuj7HbY=

loose-envify@^1.3.1:
  version "1.4.0"
  resolved "https://registry.yarnpkg.com/loose-envify/-/loose-envify-1.4.0.tgz#71ee51fa7be4caec1a63839f7e682d8132d30caf"
  dependencies:
    js-tokens "^3.0.0 || ^4.0.0"

object-assign@^4.1.1:
  version "4.1.1"
  resolved "https://registry.yarnpkg.com/object-assign/-/object-assign-4.1.1.tgz#2109adc7965887cfc05cbbd442cac8bfbb360863"

prismjs@^1.15.0:
  version "1.25.0"
  resolved "https://registry.yarnpkg.com/prismjs/-/prismjs-1.25.0.tgz#6f822df1bdad965734b310b315a23315cf999756"
  integrity sha512-WCjJHl1KEWbnkQom1+SzftbtXMKQoezOCYs5rECqMN+jP+apI7ftoflyqigqzopSO3hMhTEb0mFClA8lkolgEg==

prop-types@15.x, prop-types@^15.6.0:
  version "15.6.2"
  resolved "https://registry.yarnpkg.com/prop-types/-/prop-types-15.6.2.tgz#05d5ca77b4453e985d60fc7ff8c859094a497102"
  dependencies:
    loose-envify "^1.3.1"
    object-assign "^4.1.1"

quill-icons@^1.5.0:
  version "1.5.0"
  resolved "https://registry.yarnpkg.com/quill-icons/-/quill-icons-1.5.0.tgz#ffc028190ed978e262a7b13c65b88952ad65eb35"
  integrity sha512-h0+lCrFBPCFEDGDLniEMgFBMHSQUOcEELYiLcskhLSqov5BGmwehEK8vNNoAyEx19HfKwH4zJhVNJkWiYXnYEg==
  dependencies:
    classnames "^2.2.5"
    lodash.omit "^4.5.0"
    lodash.pick "^4.4.0"
    lodash.xor "^4.5.0"

"react-draggable@^2.2.6 || ^3.0.3":
  version "3.0.5"
  resolved "https://registry.yarnpkg.com/react-draggable/-/react-draggable-3.0.5.tgz#c031e0ed4313531f9409d6cd84c8ebcec0ddfe2d"
  dependencies:
    classnames "^2.2.5"
    prop-types "^15.6.0"

react-icon-base@2.1.0:
  version "2.1.0"
  resolved "https://registry.yarnpkg.com/react-icon-base/-/react-icon-base-2.1.0.tgz#a196e33fdf1e7aaa1fda3aefbb68bdad9e82a79d"

react-icons@^2.2.7:
  version "2.2.7"
  resolved "https://registry.yarnpkg.com/react-icons/-/react-icons-2.2.7.tgz#d7860826b258557510dac10680abea5ca23cf650"
  dependencies:
    react-icon-base "2.1.0"

react-loading-image@^0.5.0:
  version "0.5.0"
  resolved "https://registry.yarnpkg.com/react-loading-image/-/react-loading-image-0.5.0.tgz#f5ab33c03763ea4c1b80f8293c22b057d299ff69"
  integrity sha512-6m4brZ0S1EaNmS0qeq+g1OWeU41bff/OYyLk39zWV1ZvKF0S9yrh6YAK8KkG2ow12nV9QdbSI/ODhPvsDfR2Pg==

react-resizable@^1.7.5:
  version "1.7.5"
  resolved "https://registry.yarnpkg.com/react-resizable/-/react-resizable-1.7.5.tgz#83eb75bb3684da6989bbbf4f826e1470f0af902e"
  dependencies:
    prop-types "15.x"
    react-draggable "^2.2.6 || ^3.0.3"

slate-edit-table@^0.15.0-alpha.4:
  version "0.15.2"
  resolved "https://registry.yarnpkg.com/slate-edit-table/-/slate-edit-table-0.15.2.tgz#f26b67451b507f936106151f55a0bffbdbca0213"
